
Microsoft Visual Studio Solution File, Format Version 12.00
# Visual Studio Version 17
VisualStudioVersion = 17.0.31919.166
MinimumVisualStudioVersion = 10.0.40219.1
Project("{FAE04EC0-301F-11D3-BF4B-00C04F79EFBC}") = "Projekt zespolowy", "Projekt zespolowy\Projekt zespolowy.csproj", "{75CA87C0-8314-45D4-8F8E-B6420E6E5F2D}"
EndProject
Global
	GlobalSection(SolutionConfigurationPlatforms) = preSolution
		Debug|Any CPU = Debug|Any CPU
		Release|Any CPU = Release|Any CPU
	EndGlobalSection
	GlobalSection(ProjectConfigurationPlatforms) = postSolution
		{75CA87C0-8314-45D4-8F8E-B6420E6E5F2D}.Debug|Any CPU.ActiveCfg = Debug|Any CPU
		{75CA87C0-8314-45D4-8F8E-B6420E6E5F2D}.Debug|Any CPU.Build.0 = Debug|Any CPU
		{75CA87C0-8314-45D4-8F8E-B6420E6E5F2D}.Release|Any CPU.ActiveCfg = Release|Any CPU
		{75CA87C0-8314-45D4-8F8E-B6420E6E5F2D}.Release|Any CPU.Build.0 = Release|Any CPU
	EndGlobalSection
	GlobalSection(SolutionProperties) = preSolution
		HideSolutionNode = FALSE
	EndGlobalSection
	GlobalSection(ExtensibilityGlobals) = postSolution
		SolutionGuid = {6BD88124-CC4A-4F3E-A3DC-13AABE89B196}
	EndGlobalSection
EndGlobal
